
Microsoft Visual Studio Solution File, Format Version 12.00
# Visual Studio Version 17
VisualStudioVersion = 17.4.33213.308
MinimumVisualStudioVersion = 10.0.40219.1
Project("{9A19103F-16F7-4668-BE54-9A1E7A4F7556}") = "OpAM", "OpAM\OpAM\OpAM.csproj", "{2178C3EC-C3CC-4E92-A006-28ABB953C538}"
EndProject
Project("{9A19103F-16F7-4668-BE54-9A1E7A4F7556}") = "OpAM.Android", "OpAM\OpAM.Android\OpAM.Android.csproj", "{3B86283A-7C1E-42E5-9ABB-F6206B4AEF2C}"
EndProject
Project("{9A19103F-16F7-4668-BE54-9A1E7A4F7556}") = "OpAM.Desktop", "OpAM\OpAM.Desktop\OpAM.Desktop.csproj", "{1397AA68-56A0-4431-99A8-951561970A93}"
EndProject
Project("{9A19103F-16F7-4668-BE54-9A1E7A4F7556}") = "OpAM.iOS", "OpAM\OpAM.iOS\OpAM.iOS.csproj", "{AB83896E-730E-4EDF-A3C5-8964310EBBE8}"
EndProject
Global
	GlobalSection(SolutionConfigurationPlatforms) = preSolution
		Debug|Any CPU = Debug|Any CPU
		Release|Any CPU = Release|Any CPU
	EndGlobalSection
	GlobalSection(ProjectConfigurationPlatforms) = postSolution
		{2178C3EC-C3CC-4E92-A006-28ABB953C538}.Debug|Any CPU.ActiveCfg = Debug|Any CPU
		{2178C3EC-C3CC-4E92-A006-28ABB953C538}.Debug|Any CPU.Build.0 = Debug|Any CPU
		{2178C3EC-C3CC-4E92-A006-28ABB953C538}.Release|Any CPU.ActiveCfg = Release|Any CPU
		{2178C3EC-C3CC-4E92-A006-28ABB953C538}.Release|Any CPU.Build.0 = Release|Any CPU
		{3B86283A-7C1E-42E5-9ABB-F6206B4AEF2C}.Debug|Any CPU.ActiveCfg = Debug|Any CPU
		{3B86283A-7C1E-42E5-9ABB-F6206B4AEF2C}.Debug|Any CPU.Build.0 = Debug|Any CPU
		{3B86283A-7C1E-42E5-9ABB-F6206B4AEF2C}.Debug|Any CPU.Deploy.0 = Debug|Any CPU
		{3B86283A-7C1E-42E5-9ABB-F6206B4AEF2C}.Release|Any CPU.ActiveCfg = Release|Any CPU
		{3B86283A-7C1E-42E5-9ABB-F6206B4AEF2C}.Release|Any CPU.Build.0 = Release|Any CPU
		{3B86283A-7C1E-42E5-9ABB-F6206B4AEF2C}.Release|Any CPU.Deploy.0 = Release|Any CPU
		{1397AA68-56A0-4431-99A8-951561970A93}.Debug|Any CPU.ActiveCfg = Debug|Any CPU
		{1397AA68-56A0-4431-99A8-951561970A93}.Debug|Any CPU.Build.0 = Debug|Any CPU
		{1397AA68-56A0-4431-99A8-951561970A93}.Release|Any CPU.ActiveCfg = Release|Any CPU
		{1397AA68-56A0-4431-99A8-951561970A93}.Release|Any CPU.Build.0 = Release|Any CPU
		{AB83896E-730E-4EDF-A3C5-8964310EBBE8}.Debug|Any CPU.ActiveCfg = Debug|Any CPU
		{AB83896E-730E-4EDF-A3C5-8964310EBBE8}.Debug|Any CPU.Build.0 = Debug|Any CPU
		{AB83896E-730E-4EDF-A3C5-8964310EBBE8}.Debug|Any CPU.Deploy.0 = Debug|Any CPU
		{AB83896E-730E-4EDF-A3C5-8964310EBBE8}.Release|Any CPU.ActiveCfg = Release|Any CPU
		{AB83896E-730E-4EDF-A3C5-8964310EBBE8}.Release|Any CPU.Build.0 = Release|Any CPU
		{AB83896E-730E-4EDF-A3C5-8964310EBBE8}.Release|Any CPU.Deploy.0 = Release|Any CPU
	EndGlobalSection
	GlobalSection(SolutionProperties) = preSolution
		HideSolutionNode = FALSE
	EndGlobalSection
	GlobalSection(ExtensibilityGlobals) = postSolution
		SolutionGuid = {A8DB9850-F783-491B-BB67-0843F50CD73C}
	EndGlobalSection
EndGlobal
